// !$*UTF8*$!
{
	archiveVersion = 1;
	classes = {
	};
	objectVersion = 52;
	objects = {

/* Begin PBXBuildFile section */
		460B378C24F99BC800E39A10 /* Location.swift in Sources */ = {isa = PBXBuildFile; fileRef = 460B378B24F99BC800E39A10 /* Location.swift */; };
		460B37A124F9B17900E39A10 /* JSONCodable.swift in Sources */ = {isa = PBXBuildFile; fileRef = 460B379524F9B17900E39A10 /* JSONCodable.swift */; };
		460B37A224F9B17900E39A10 /* HealthcheckService.swift in Sources */ = {isa = PBXBuildFile; fileRef = 460B379724F9B17900E39A10 /* HealthcheckService.swift */; };
		460B37A324F9B17900E39A10 /* ProfileProvider.swift in Sources */ = {isa = PBXBuildFile; fileRef = 460B379924F9B17900E39A10 /* ProfileProvider.swift */; };
		460B37A424F9B17900E39A10 /* Profile.swift in Sources */ = {isa = PBXBuildFile; fileRef = 460B379A24F9B17900E39A10 /* Profile.swift */; };
		460B37A524F9B17900E39A10 /* ProfileService.swift in Sources */ = {isa = PBXBuildFile; fileRef = 460B379B24F9B17900E39A10 /* ProfileService.swift */; };
		460B37A624F9B17900E39A10 /* RequestExecutor.swift in Sources */ = {isa = PBXBuildFile; fileRef = 460B379D24F9B17900E39A10 /* RequestExecutor.swift */; };
		460B37A724F9B17900E39A10 /* ServiceError.swift in Sources */ = {isa = PBXBuildFile; fileRef = 460B379E24F9B17900E39A10 /* ServiceError.swift */; };
		460B37A824F9B17900E39A10 /* Request.swift in Sources */ = {isa = PBXBuildFile; fileRef = 460B379F24F9B17900E39A10 /* Request.swift */; };
		460B37A924F9B17900E39A10 /* SessionProvider.swift in Sources */ = {isa = PBXBuildFile; fileRef = 460B37A024F9B17900E39A10 /* SessionProvider.swift */; };
		460B37AC24F9B25800E39A10 /* Alamofire in Frameworks */ = {isa = PBXBuildFile; productRef = 460B37AB24F9B25800E39A10 /* Alamofire */; };
		460B37B124F9B2E100E39A10 /* UserSession.swift in Sources */ = {isa = PBXBuildFile; fileRef = 460B37AF24F9B2E100E39A10 /* UserSession.swift */; };
		460B37B824F9B3E300E39A10 /* GeneralError.swift in Sources */ = {isa = PBXBuildFile; fileRef = 460B37B224F9B3E300E39A10 /* GeneralError.swift */; };
		460B37B924F9B3E300E39A10 /* DateEx.swift in Sources */ = {isa = PBXBuildFile; fileRef = 460B37B424F9B3E300E39A10 /* DateEx.swift */; };
		460B37BA24F9B3E300E39A10 /* DateFormatter.swift in Sources */ = {isa = PBXBuildFile; fileRef = 460B37B524F9B3E300E39A10 /* DateFormatter.swift */; };
		460B37BB24F9B3E300E39A10 /* ImageProcessor.swift in Sources */ = {isa = PBXBuildFile; fileRef = 460B37B724F9B3E300E39A10 /* ImageProcessor.swift */; };
		460B37BE24F9B47C00E39A10 /* Places.swift in Sources */ = {isa = PBXBuildFile; fileRef = 460B37BD24F9B47C00E39A10 /* Places.swift */; };
		460B37C124FA2C7F00E39A10 /* PlacesService.swift in Sources */ = {isa = PBXBuildFile; fileRef = 460B37C024FA2C7F00E39A10 /* PlacesService.swift */; };
		460B37C624FBF18300E39A10 /* SelectPlaceView.swift in Sources */ = {isa = PBXBuildFile; fileRef = 460B37C524FBF18300E39A10 /* SelectPlaceView.swift */; };
		4620684324E701740083D8A7 /* JobsDB.swift in Sources */ = {isa = PBXBuildFile; fileRef = 4620684224E701740083D8A7 /* JobsDB.swift */; };
		4620684724E7076B0083D8A7 /* UploadAPI.swift in Sources */ = {isa = PBXBuildFile; fileRef = 4620684624E7076B0083D8A7 /* UploadAPI.swift */; };
		4620684924E70D830083D8A7 /* UploadOperation.swift in Sources */ = {isa = PBXBuildFile; fileRef = 4620684824E70D830083D8A7 /* UploadOperation.swift */; };
		4620684C24E724D50083D8A7 /* PromiseKit in Frameworks */ = {isa = PBXBuildFile; productRef = 4620684B24E724D50083D8A7 /* PromiseKit */; };
		4620684F24E7A6860083D8A7 /* ActivityIndicator.swift in Sources */ = {isa = PBXBuildFile; fileRef = 4620684E24E7A6860083D8A7 /* ActivityIndicator.swift */; };
		4620685124E7A6AC0083D8A7 /* LoadingView.swift in Sources */ = {isa = PBXBuildFile; fileRef = 4620685024E7A6AC0083D8A7 /* LoadingView.swift */; };
		462EAC8524EA60D800E3CCD3 /* ArrayEx.swift in Sources */ = {isa = PBXBuildFile; fileRef = 462EAC8424EA60D800E3CCD3 /* ArrayEx.swift */; };
		462EAC8824EA6DEA00E3CCD3 /* Wrapper.swift in Sources */ = {isa = PBXBuildFile; fileRef = 462EAC8724EA6DEA00E3CCD3 /* Wrapper.swift */; };
		462EAC8A24EA719E00E3CCD3 /* ServicesAssemble.swift in Sources */ = {isa = PBXBuildFile; fileRef = 462EAC8924EA719E00E3CCD3 /* ServicesAssemble.swift */; };
		462EAC8C24EA7C8B00E3CCD3 /* UploadProvider.swift in Sources */ = {isa = PBXBuildFile; fileRef = 462EAC8B24EA7C8B00E3CCD3 /* UploadProvider.swift */; };
		46866A6D24E91D8F0091E585 /* ProgressView.swift in Sources */ = {isa = PBXBuildFile; fileRef = 46866A6C24E91D8F0091E585 /* ProgressView.swift */; };
		46866A7024E9328F0091E585 /* GRDB in Frameworks */ = {isa = PBXBuildFile; productRef = 46866A6F24E9328F0091E585 /* GRDB */; };
		46866A7324E933C80091E585 /* Provider.swift in Sources */ = {isa = PBXBuildFile; fileRef = 46866A7224E933C80091E585 /* Provider.swift */; };
		46866A7524E935610091E585 /* DummyJobsDB.swift in Sources */ = {isa = PBXBuildFile; fileRef = 46866A7424E935610091E585 /* DummyJobsDB.swift */; };
		46A1450A24E5E16F0053CD7E /* AppDelegate.swift in Sources */ = {isa = PBXBuildFile; fileRef = 46A1450924E5E16F0053CD7E /* AppDelegate.swift */; };
		46A1450C24E5E16F0053CD7E /* SceneDelegate.swift in Sources */ = {isa = PBXBuildFile; fileRef = 46A1450B24E5E16F0053CD7E /* SceneDelegate.swift */; };
		46A1450E24E5E16F0053CD7E /* MainView.swift in Sources */ = {isa = PBXBuildFile; fileRef = 46A1450D24E5E16F0053CD7E /* MainView.swift */; };
		46A1451024E5E1710053CD7E /* Assets.xcassets in Resources */ = {isa = PBXBuildFile; fileRef = 46A1450F24E5E1710053CD7E /* Assets.xcassets */; };
		46A1451324E5E1710053CD7E /* Preview Assets.xcassets in Resources */ = {isa = PBXBuildFile; fileRef = 46A1451224E5E1710053CD7E /* Preview Assets.xcassets */; };
		46A1451624E5E1710053CD7E /* LaunchScreen.storyboard in Resources */ = {isa = PBXBuildFile; fileRef = 46A1451424E5E1710053CD7E /* LaunchScreen.storyboard */; };
		46A1452124E5E1710053CD7E /* BatchUploaderTests.swift in Sources */ = {isa = PBXBuildFile; fileRef = 46A1452024E5E1710053CD7E /* BatchUploaderTests.swift */; };
		46A1452D24E5E19A0053CD7E /* ImagePickerView.swift in Sources */ = {isa = PBXBuildFile; fileRef = 46A1452B24E5E19A0053CD7E /* ImagePickerView.swift */; };
		46A1452E24E5E19A0053CD7E /* SelectPicturesModel.swift in Sources */ = {isa = PBXBuildFile; fileRef = 46A1452C24E5E19A0053CD7E /* SelectPicturesModel.swift */; };
		46A1453624E658540053CD7E /* UploadManager.swift in Sources */ = {isa = PBXBuildFile; fileRef = 46A1453524E658540053CD7E /* UploadManager.swift */; };
		46A1453824E65CCA0053CD7E /* Storage.swift in Sources */ = {isa = PBXBuildFile; fileRef = 46A1453724E65CCA0053CD7E /* Storage.swift */; };
		46A1453A24E66BC40053CD7E /* StorageTests.swift in Sources */ = {isa = PBXBuildFile; fileRef = 46A1453924E66BC40053CD7E /* StorageTests.swift */; };
		46A1453C24E689140053CD7E /* SelectPicturesView.swift in Sources */ = {isa = PBXBuildFile; fileRef = 46A1453B24E689140053CD7E /* SelectPicturesView.swift */; };
		46A1453F24E68DF90053CD7E /* MainViewModel.swift in Sources */ = {isa = PBXBuildFile; fileRef = 46A1453E24E68DF90053CD7E /* MainViewModel.swift */; };
		46F360D524FBFA3B00B90BE0 /* SelectPlaceModel.swift in Sources */ = {isa = PBXBuildFile; fileRef = 46F360D424FBFA3B00B90BE0 /* SelectPlaceModel.swift */; };
		46F360D724FBFD0900B90BE0 /* CreateReviewTypes.swift in Sources */ = {isa = PBXBuildFile; fileRef = 46F360D624FBFD0900B90BE0 /* CreateReviewTypes.swift */; };
		46F360D924FC240700B90BE0 /* CreateReviewView.swift in Sources */ = {isa = PBXBuildFile; fileRef = 46F360D824FC240700B90BE0 /* CreateReviewView.swift */; };
		46F360DB24FC242300B90BE0 /* CreateReviewModel.swift in Sources */ = {isa = PBXBuildFile; fileRef = 46F360DA24FC242300B90BE0 /* CreateReviewModel.swift */; };
		46F360DD24FC253500B90BE0 /* RatingView.swift in Sources */ = {isa = PBXBuildFile; fileRef = 46F360DC24FC253500B90BE0 /* RatingView.swift */; };
		46F360DF24FC373C00B90BE0 /* TextViewWrapper.swift in Sources */ = {isa = PBXBuildFile; fileRef = 46F360DE24FC373C00B90BE0 /* TextViewWrapper.swift */; };
		46F360E124FC379700B90BE0 /* TextInputView.swift in Sources */ = {isa = PBXBuildFile; fileRef = 46F360E024FC379700B90BE0 /* TextInputView.swift */; };
		46F360E324FC43AF00B90BE0 /* ReviewService.swift in Sources */ = {isa = PBXBuildFile; fileRef = 46F360E224FC43AF00B90BE0 /* ReviewService.swift */; };
		46F360E624FC442E00B90BE0 /* Review.swift in Sources */ = {isa = PBXBuildFile; fileRef = 46F360E524FC442E00B90BE0 /* Review.swift */; };
/* End PBXBuildFile section */

/* Begin PBXContainerItemProxy section */
		46A1451D24E5E1710053CD7E /* PBXContainerItemProxy */ = {
			isa = PBXContainerItemProxy;
			containerPortal = 46A144FE24E5E16F0053CD7E /* Project object */;
			proxyType = 1;
			remoteGlobalIDString = 46A1450524E5E16F0053CD7E;
			remoteInfo = BatchUploader;
		};
/* End PBXContainerItemProxy section */

/* Begin PBXFileReference section */
		460B378B24F99BC800E39A10 /* Location.swift */ = {isa = PBXFileReference; lastKnownFileType = sourcecode.swift; path = Location.swift; sourceTree = "<group>"; };
		460B379524F9B17900E39A10 /* JSONCodable.swift */ = {isa = PBXFileReference; fileEncoding = 4; lastKnownFileType = sourcecode.swift; path = JSONCodable.swift; sourceTree = "<group>"; };
		460B379724F9B17900E39A10 /* HealthcheckService.swift */ = {isa = PBXFileReference; fileEncoding = 4; lastKnownFileType = sourcecode.swift; path = HealthcheckService.swift; sourceTree = "<group>"; };
		460B379924F9B17900E39A10 /* ProfileProvider.swift */ = {isa = PBXFileReference; fileEncoding = 4; lastKnownFileType = sourcecode.swift; path = ProfileProvider.swift; sourceTree = "<group>"; };
		460B379A24F9B17900E39A10 /* Profile.swift */ = {isa = PBXFileReference; fileEncoding = 4; lastKnownFileType = sourcecode.swift; path = Profile.swift; sourceTree = "<group>"; };
		460B379B24F9B17900E39A10 /* ProfileService.swift */ = {isa = PBXFileReference; fileEncoding = 4; lastKnownFileType = sourcecode.swift; path = ProfileService.swift; sourceTree = "<group>"; };
		460B379D24F9B17900E39A10 /* RequestExecutor.swift */ = {isa = PBXFileReference; fileEncoding = 4; lastKnownFileType = sourcecode.swift; path = RequestExecutor.swift; sourceTree = "<group>"; };
		460B379E24F9B17900E39A10 /* ServiceError.swift */ = {isa = PBXFileReference; fileEncoding = 4; lastKnownFileType = sourcecode.swift; path = ServiceError.swift; sourceTree = "<group>"; };
		460B379F24F9B17900E39A10 /* Request.swift */ = {isa = PBXFileReference; fileEncoding = 4; lastKnownFileType = sourcecode.swift; path = Request.swift; sourceTree = "<group>"; };
		460B37A024F9B17900E39A10 /* SessionProvider.swift */ = {isa = PBXFileReference; fileEncoding = 4; lastKnownFileType = sourcecode.swift; path = SessionProvider.swift; sourceTree = "<group>"; };
		460B37AF24F9B2E100E39A10 /* UserSession.swift */ = {isa = PBXFileReference; fileEncoding = 4; lastKnownFileType = sourcecode.swift; path = UserSession.swift; sourceTree = "<group>"; };
		460B37B224F9B3E300E39A10 /* GeneralError.swift */ = {isa = PBXFileReference; fileEncoding = 4; lastKnownFileType = sourcecode.swift; path = GeneralError.swift; sourceTree = "<group>"; };
		460B37B424F9B3E300E39A10 /* DateEx.swift */ = {isa = PBXFileReference; fileEncoding = 4; lastKnownFileType = sourcecode.swift; path = DateEx.swift; sourceTree = "<group>"; };
		460B37B524F9B3E300E39A10 /* DateFormatter.swift */ = {isa = PBXFileReference; fileEncoding = 4; lastKnownFileType = sourcecode.swift; path = DateFormatter.swift; sourceTree = "<group>"; };
		460B37B724F9B3E300E39A10 /* ImageProcessor.swift */ = {isa = PBXFileReference; fileEncoding = 4; lastKnownFileType = sourcecode.swift; path = ImageProcessor.swift; sourceTree = "<group>"; };
		460B37BD24F9B47C00E39A10 /* Places.swift */ = {isa = PBXFileReference; lastKnownFileType = sourcecode.swift; path = Places.swift; sourceTree = "<group>"; };
		460B37C024FA2C7F00E39A10 /* PlacesService.swift */ = {isa = PBXFileReference; lastKnownFileType = sourcecode.swift; path = PlacesService.swift; sourceTree = "<group>"; };
		460B37C524FBF18300E39A10 /* SelectPlaceView.swift */ = {isa = PBXFileReference; lastKnownFileType = sourcecode.swift; path = SelectPlaceView.swift; sourceTree = "<group>"; };
		4620684224E701740083D8A7 /* JobsDB.swift */ = {isa = PBXFileReference; lastKnownFileType = sourcecode.swift; path = JobsDB.swift; sourceTree = "<group>"; };
		4620684624E7076B0083D8A7 /* UploadAPI.swift */ = {isa = PBXFileReference; lastKnownFileType = sourcecode.swift; path = UploadAPI.swift; sourceTree = "<group>"; };
		4620684824E70D830083D8A7 /* UploadOperation.swift */ = {isa = PBXFileReference; lastKnownFileType = sourcecode.swift; path = UploadOperation.swift; sourceTree = "<group>"; };
		4620684E24E7A6860083D8A7 /* ActivityIndicator.swift */ = {isa = PBXFileReference; lastKnownFileType = sourcecode.swift; path = ActivityIndicator.swift; sourceTree = "<group>"; };
		4620685024E7A6AC0083D8A7 /* LoadingView.swift */ = {isa = PBXFileReference; lastKnownFileType = sourcecode.swift; path = LoadingView.swift; sourceTree = "<group>"; };
		462EAC8424EA60D800E3CCD3 /* ArrayEx.swift */ = {isa = PBXFileReference; lastKnownFileType = sourcecode.swift; path = ArrayEx.swift; sourceTree = "<group>"; };
		462EAC8724EA6DEA00E3CCD3 /* Wrapper.swift */ = {isa = PBXFileReference; lastKnownFileType = sourcecode.swift; path = Wrapper.swift; sourceTree = "<group>"; };
		462EAC8924EA719E00E3CCD3 /* ServicesAssemble.swift */ = {isa = PBXFileReference; lastKnownFileType = sourcecode.swift; path = ServicesAssemble.swift; sourceTree = "<group>"; };
		462EAC8B24EA7C8B00E3CCD3 /* UploadProvider.swift */ = {isa = PBXFileReference; lastKnownFileType = sourcecode.swift; path = UploadProvider.swift; sourceTree = "<group>"; };
		46866A6C24E91D8F0091E585 /* ProgressView.swift */ = {isa = PBXFileReference; lastKnownFileType = sourcecode.swift; path = ProgressView.swift; sourceTree = "<group>"; };
		46866A7224E933C80091E585 /* Provider.swift */ = {isa = PBXFileReference; lastKnownFileType = sourcecode.swift; path = Provider.swift; sourceTree = "<group>"; };
		46866A7424E935610091E585 /* DummyJobsDB.swift */ = {isa = PBXFileReference; lastKnownFileType = sourcecode.swift; path = DummyJobsDB.swift; sourceTree = "<group>"; };
		46A1450624E5E16F0053CD7E /* BatchUploader.app */ = {isa = PBXFileReference; explicitFileType = wrapper.application; includeInIndex = 0; path = BatchUploader.app; sourceTree = BUILT_PRODUCTS_DIR; };
		46A1450924E5E16F0053CD7E /* AppDelegate.swift */ = {isa = PBXFileReference; lastKnownFileType = sourcecode.swift; path = AppDelegate.swift; sourceTree = "<group>"; };
		46A1450B24E5E16F0053CD7E /* SceneDelegate.swift */ = {isa = PBXFileReference; lastKnownFileType = sourcecode.swift; path = SceneDelegate.swift; sourceTree = "<group>"; };
		46A1450D24E5E16F0053CD7E /* MainView.swift */ = {isa = PBXFileReference; lastKnownFileType = sourcecode.swift; path = MainView.swift; sourceTree = "<group>"; };
		46A1450F24E5E1710053CD7E /* Assets.xcassets */ = {isa = PBXFileReference; lastKnownFileType = folder.assetcatalog; path = Assets.xcassets; sourceTree = "<group>"; };
		46A1451224E5E1710053CD7E /* Preview Assets.xcassets */ = {isa = PBXFileReference; lastKnownFileType = folder.assetcatalog; path = "Preview Assets.xcassets"; sourceTree = "<group>"; };
		46A1451524E5E1710053CD7E /* Base */ = {isa = PBXFileReference; lastKnownFileType = file.storyboard; name = Base; path = Base.lproj/LaunchScreen.storyboard; sourceTree = "<group>"; };
		46A1451724E5E1710053CD7E /* Info.plist */ = {isa = PBXFileReference; lastKnownFileType = text.plist.xml; path = Info.plist; sourceTree = "<group>"; };
		46A1451C24E5E1710053CD7E /* BatchUploaderTests.xctest */ = {isa = PBXFileReference; explicitFileType = wrapper.cfbundle; includeInIndex = 0; path = BatchUploaderTests.xctest; sourceTree = BUILT_PRODUCTS_DIR; };
		46A1452024E5E1710053CD7E /* BatchUploaderTests.swift */ = {isa = PBXFileReference; lastKnownFileType = sourcecode.swift; path = BatchUploaderTests.swift; sourceTree = "<group>"; };
		46A1452224E5E1710053CD7E /* Info.plist */ = {isa = PBXFileReference; lastKnownFileType = text.plist.xml; path = Info.plist; sourceTree = "<group>"; };
		46A1452B24E5E19A0053CD7E /* ImagePickerView.swift */ = {isa = PBXFileReference; fileEncoding = 4; lastKnownFileType = sourcecode.swift; path = ImagePickerView.swift; sourceTree = "<group>"; };
		46A1452C24E5E19A0053CD7E /* SelectPicturesModel.swift */ = {isa = PBXFileReference; fileEncoding = 4; lastKnownFileType = sourcecode.swift; path = SelectPicturesModel.swift; sourceTree = "<group>"; };
		46A1453524E658540053CD7E /* UploadManager.swift */ = {isa = PBXFileReference; lastKnownFileType = sourcecode.swift; path = UploadManager.swift; sourceTree = "<group>"; };
		46A1453724E65CCA0053CD7E /* Storage.swift */ = {isa = PBXFileReference; lastKnownFileType = sourcecode.swift; path = Storage.swift; sourceTree = "<group>"; };
		46A1453924E66BC40053CD7E /* StorageTests.swift */ = {isa = PBXFileReference; lastKnownFileType = sourcecode.swift; path = StorageTests.swift; sourceTree = "<group>"; };
		46A1453B24E689140053CD7E /* SelectPicturesView.swift */ = {isa = PBXFileReference; lastKnownFileType = sourcecode.swift; path = SelectPicturesView.swift; sourceTree = "<group>"; };
		46A1453E24E68DF90053CD7E /* MainViewModel.swift */ = {isa = PBXFileReference; lastKnownFileType = sourcecode.swift; path = MainViewModel.swift; sourceTree = "<group>"; };
		46F360D424FBFA3B00B90BE0 /* SelectPlaceModel.swift */ = {isa = PBXFileReference; lastKnownFileType = sourcecode.swift; path = SelectPlaceModel.swift; sourceTree = "<group>"; };
		46F360D624FBFD0900B90BE0 /* CreateReviewTypes.swift */ = {isa = PBXFileReference; lastKnownFileType = sourcecode.swift; path = CreateReviewTypes.swift; sourceTree = "<group>"; };
		46F360D824FC240700B90BE0 /* CreateReviewView.swift */ = {isa = PBXFileReference; lastKnownFileType = sourcecode.swift; path = CreateReviewView.swift; sourceTree = "<group>"; };
		46F360DA24FC242300B90BE0 /* CreateReviewModel.swift */ = {isa = PBXFileReference; lastKnownFileType = sourcecode.swift; path = CreateReviewModel.swift; sourceTree = "<group>"; };
		46F360DC24FC253500B90BE0 /* RatingView.swift */ = {isa = PBXFileReference; lastKnownFileType = sourcecode.swift; path = RatingView.swift; sourceTree = "<group>"; };
		46F360DE24FC373C00B90BE0 /* TextViewWrapper.swift */ = {isa = PBXFileReference; lastKnownFileType = sourcecode.swift; path = TextViewWrapper.swift; sourceTree = "<group>"; };
		46F360E024FC379700B90BE0 /* TextInputView.swift */ = {isa = PBXFileReference; lastKnownFileType = sourcecode.swift; path = TextInputView.swift; sourceTree = "<group>"; };
		46F360E224FC43AF00B90BE0 /* ReviewService.swift */ = {isa = PBXFileReference; lastKnownFileType = sourcecode.swift; path = ReviewService.swift; sourceTree = "<group>"; };
		46F360E524FC442E00B90BE0 /* Review.swift */ = {isa = PBXFileReference; lastKnownFileType = sourcecode.swift; path = Review.swift; sourceTree = "<group>"; };
/* End PBXFileReference section */

/* Begin PBXFrameworksBuildPhase section */
		46A1450324E5E16F0053CD7E /* Frameworks */ = {
			isa = PBXFrameworksBuildPhase;
			buildActionMask = 2147483647;
			files = (
				460B37AC24F9B25800E39A10 /* Alamofire in Frameworks */,
				4620684C24E724D50083D8A7 /* PromiseKit in Frameworks */,
				46866A7024E9328F0091E585 /* GRDB in Frameworks */,
			);
			runOnlyForDeploymentPostprocessing = 0;
		};
		46A1451924E5E1710053CD7E /* Frameworks */ = {
			isa = PBXFrameworksBuildPhase;
			buildActionMask = 2147483647;
			files = (
			);
			runOnlyForDeploymentPostprocessing = 0;
		};
/* End PBXFrameworksBuildPhase section */

/* Begin PBXGroup section */
		460B378D24F99BCD00E39A10 /* Location */ = {
			isa = PBXGroup;
			children = (
				460B378B24F99BC800E39A10 /* Location.swift */,
			);
			path = Location;
			sourceTree = "<group>";
		};
		460B379324F9B17900E39A10 /* API */ = {
			isa = PBXGroup;
			children = (
				46F360E424FC43BB00B90BE0 /* Review */,
				460B37BC24F9B45A00E39A10 /* Places */,
				460B37AD24F9B2E100E39A10 /* Auth */,
				460B379424F9B17900E39A10 /* Types */,
				460B379624F9B17900E39A10 /* Healthcheck */,
				460B379824F9B17900E39A10 /* Profile */,
				460B379C24F9B17900E39A10 /* Base */,
			);
			path = API;
			sourceTree = "<group>";
		};
		460B379424F9B17900E39A10 /* Types */ = {
			isa = PBXGroup;
			children = (
				460B379524F9B17900E39A10 /* JSONCodable.swift */,
				460B379A24F9B17900E39A10 /* Profile.swift */,
				460B37BD24F9B47C00E39A10 /* Places.swift */,
				46F360E524FC442E00B90BE0 /* Review.swift */,
			);
			path = Types;
			sourceTree = "<group>";
		};
		460B379624F9B17900E39A10 /* Healthcheck */ = {
			isa = PBXGroup;
			children = (
				460B379724F9B17900E39A10 /* HealthcheckService.swift */,
			);
			path = Healthcheck;
			sourceTree = "<group>";
		};
		460B379824F9B17900E39A10 /* Profile */ = {
			isa = PBXGroup;
			children = (
				460B379924F9B17900E39A10 /* ProfileProvider.swift */,
				460B379B24F9B17900E39A10 /* ProfileService.swift */,
			);
			path = Profile;
			sourceTree = "<group>";
		};
		460B379C24F9B17900E39A10 /* Base */ = {
			isa = PBXGroup;
			children = (
				460B379D24F9B17900E39A10 /* RequestExecutor.swift */,
				460B379E24F9B17900E39A10 /* ServiceError.swift */,
				460B379F24F9B17900E39A10 /* Request.swift */,
				460B37A024F9B17900E39A10 /* SessionProvider.swift */,
			);
			path = Base;
			sourceTree = "<group>";
		};
		460B37AD24F9B2E100E39A10 /* Auth */ = {
			isa = PBXGroup;
			children = (
				460B37AF24F9B2E100E39A10 /* UserSession.swift */,
			);
			path = Auth;
			sourceTree = "<group>";
		};
		460B37B324F9B3E300E39A10 /* Date */ = {
			isa = PBXGroup;
			children = (
				460B37B424F9B3E300E39A10 /* DateEx.swift */,
				460B37B524F9B3E300E39A10 /* DateFormatter.swift */,
			);
			path = Date;
			sourceTree = "<group>";
		};
		460B37B624F9B3E300E39A10 /* ImageProcessor */ = {
			isa = PBXGroup;
			children = (
				460B37B724F9B3E300E39A10 /* ImageProcessor.swift */,
			);
			path = ImageProcessor;
			sourceTree = "<group>";
		};
		460B37BC24F9B45A00E39A10 /* Places */ = {
			isa = PBXGroup;
			children = (
				460B37C024FA2C7F00E39A10 /* PlacesService.swift */,
			);
			path = Places;
			sourceTree = "<group>";
		};
		460B37C424FBF14B00E39A10 /* CreateReview */ = {
			isa = PBXGroup;
			children = (
				46A1452C24E5E19A0053CD7E /* SelectPicturesModel.swift */,
				46A1453B24E689140053CD7E /* SelectPicturesView.swift */,
				460B37C524FBF18300E39A10 /* SelectPlaceView.swift */,
				46F360D424FBFA3B00B90BE0 /* SelectPlaceModel.swift */,
				46F360D824FC240700B90BE0 /* CreateReviewView.swift */,
				46F360DA24FC242300B90BE0 /* CreateReviewModel.swift */,
				46F360D624FBFD0900B90BE0 /* CreateReviewTypes.swift */,
			);
			path = CreateReview;
			sourceTree = "<group>";
		};
		4620684D24E7A66E0083D8A7 /* Controls */ = {
			isa = PBXGroup;
			children = (
				46A1452B24E5E19A0053CD7E /* ImagePickerView.swift */,
				4620684E24E7A6860083D8A7 /* ActivityIndicator.swift */,
				4620685024E7A6AC0083D8A7 /* LoadingView.swift */,
				46866A6C24E91D8F0091E585 /* ProgressView.swift */,
				46F360DC24FC253500B90BE0 /* RatingView.swift */,
				46F360DE24FC373C00B90BE0 /* TextViewWrapper.swift */,
				46F360E024FC379700B90BE0 /* TextInputView.swift */,
			);
			path = Controls;
			sourceTree = "<group>";
		};
		462EAC8324EA606D00E3CCD3 /* Foundation */ = {
			isa = PBXGroup;
			children = (
				460B37B324F9B3E300E39A10 /* Date */,
				460B37B624F9B3E300E39A10 /* ImageProcessor */,
				462EAC8424EA60D800E3CCD3 /* ArrayEx.swift */,
				460B37B224F9B3E300E39A10 /* GeneralError.swift */,
			);
			path = Foundation;
			sourceTree = "<group>";
		};
		462EAC8624EA6DC200E3CCD3 /* Database */ = {
			isa = PBXGroup;
			children = (
				462EAC8724EA6DEA00E3CCD3 /* Wrapper.swift */,
			);
			path = Database;
			sourceTree = "<group>";
		};
		46866A7124E933A60091E585 /* JobsDB */ = {
			isa = PBXGroup;
			children = (
				46866A7224E933C80091E585 /* Provider.swift */,
				4620684224E701740083D8A7 /* JobsDB.swift */,
				46866A7424E935610091E585 /* DummyJobsDB.swift */,
			);
			path = JobsDB;
			sourceTree = "<group>";
		};
		46866A7624EA5A530091E585 /* Services */ = {
			isa = PBXGroup;
			children = (
				460B379324F9B17900E39A10 /* API */,
				460B378D24F99BCD00E39A10 /* Location */,
				462EAC8624EA6DC200E3CCD3 /* Database */,
				46A1453424E656B20053CD7E /* Uploader */,
				462EAC8924EA719E00E3CCD3 /* ServicesAssemble.swift */,
			);
			path = Services;
			sourceTree = "<group>";
		};
		46A144FD24E5E16F0053CD7E = {
			isa = PBXGroup;
			children = (
				46A1450824E5E16F0053CD7E /* BatchUploader */,
				46A1451F24E5E1710053CD7E /* BatchUploaderTests */,
				46A1450724E5E16F0053CD7E /* Products */,
			);
			sourceTree = "<group>";
		};
		46A1450724E5E16F0053CD7E /* Products */ = {
			isa = PBXGroup;
			children = (
				46A1450624E5E16F0053CD7E /* BatchUploader.app */,
				46A1451C24E5E1710053CD7E /* BatchUploaderTests.xctest */,
			);
			name = Products;
			sourceTree = "<group>";
		};
		46A1450824E5E16F0053CD7E /* BatchUploader */ = {
			isa = PBXGroup;
			children = (
				462EAC8324EA606D00E3CCD3 /* Foundation */,
				46866A7624EA5A530091E585 /* Services */,
				46A1453D24E68DAD0053CD7E /* Views */,
				46A1450924E5E16F0053CD7E /* AppDelegate.swift */,
				46A1450B24E5E16F0053CD7E /* SceneDelegate.swift */,
				46A1450F24E5E1710053CD7E /* Assets.xcassets */,
				46A1451424E5E1710053CD7E /* LaunchScreen.storyboard */,
				46A1451724E5E1710053CD7E /* Info.plist */,
				46A1451124E5E1710053CD7E /* Preview Content */,
			);
			path = BatchUploader;
			sourceTree = "<group>";
		};
		46A1451124E5E1710053CD7E /* Preview Content */ = {
			isa = PBXGroup;
			children = (
				46A1451224E5E1710053CD7E /* Preview Assets.xcassets */,
			);
			path = "Preview Content";
			sourceTree = "<group>";
		};
		46A1451F24E5E1710053CD7E /* BatchUploaderTests */ = {
			isa = PBXGroup;
			children = (
				46A1452024E5E1710053CD7E /* BatchUploaderTests.swift */,
				46A1452224E5E1710053CD7E /* Info.plist */,
				46A1453924E66BC40053CD7E /* StorageTests.swift */,
			);
			path = BatchUploaderTests;
			sourceTree = "<group>";
		};
		46A1453424E656B20053CD7E /* Uploader */ = {
			isa = PBXGroup;
			children = (
				46866A7124E933A60091E585 /* JobsDB */,
				462EAC8B24EA7C8B00E3CCD3 /* UploadProvider.swift */,
				46A1453524E658540053CD7E /* UploadManager.swift */,
				46A1453724E65CCA0053CD7E /* Storage.swift */,
				4620684624E7076B0083D8A7 /* UploadAPI.swift */,
				4620684824E70D830083D8A7 /* UploadOperation.swift */,
			);
			path = Uploader;
			sourceTree = "<group>";
		};
		46A1453D24E68DAD0053CD7E /* Views */ = {
			isa = PBXGroup;
			children = (
				4620684D24E7A66E0083D8A7 /* Controls */,
				460B37C424FBF14B00E39A10 /* CreateReview */,
				46A1450D24E5E16F0053CD7E /* MainView.swift */,
				46A1453E24E68DF90053CD7E /* MainViewModel.swift */,
			);
			path = Views;
			sourceTree = "<group>";
		};
		46F360E424FC43BB00B90BE0 /* Review */ = {
			isa = PBXGroup;
			children = (
				46F360E224FC43AF00B90BE0 /* ReviewService.swift */,
			);
			path = Review;
			sourceTree = "<group>";
		};
/* End PBXGroup section */

/* Begin PBXNativeTarget section */
		46A1450524E5E16F0053CD7E /* BatchUploader */ = {
			isa = PBXNativeTarget;
			buildConfigurationList = 46A1452524E5E1710053CD7E /* Build configuration list for PBXNativeTarget "BatchUploader" */;
			buildPhases = (
				46A1450224E5E16F0053CD7E /* Sources */,
				46A1450324E5E16F0053CD7E /* Frameworks */,
				46A1450424E5E16F0053CD7E /* Resources */,
			);
			buildRules = (
			);
			dependencies = (
			);
			name = BatchUploader;
			packageProductDependencies = (
				4620684B24E724D50083D8A7 /* PromiseKit */,
				46866A6F24E9328F0091E585 /* GRDB */,
				460B37AB24F9B25800E39A10 /* Alamofire */,
			);
			productName = BatchUploader;
			productReference = 46A1450624E5E16F0053CD7E /* BatchUploader.app */;
			productType = "com.apple.product-type.application";
		};
		46A1451B24E5E1710053CD7E /* BatchUploaderTests */ = {
			isa = PBXNativeTarget;
			buildConfigurationList = 46A1452824E5E1710053CD7E /* Build configuration list for PBXNativeTarget "BatchUploaderTests" */;
			buildPhases = (
				46A1451824E5E1710053CD7E /* Sources */,
				46A1451924E5E1710053CD7E /* Frameworks */,
				46A1451A24E5E1710053CD7E /* Resources */,
			);
			buildRules = (
			);
			dependencies = (
				46A1451E24E5E1710053CD7E /* PBXTargetDependency */,
			);
			name = BatchUploaderTests;
			productName = BatchUploaderTests;
			productReference = 46A1451C24E5E1710053CD7E /* BatchUploaderTests.xctest */;
			productType = "com.apple.product-type.bundle.unit-test";
		};
/* End PBXNativeTarget section */

/* Begin PBXProject section */
		46A144FE24E5E16F0053CD7E /* Project object */ = {
			isa = PBXProject;
			attributes = {
				LastSwiftUpdateCheck = 1160;
				LastUpgradeCheck = 1160;
				ORGANIZATIONNAME = "Eugen Fedchenko";
				TargetAttributes = {
					46A1450524E5E16F0053CD7E = {
						CreatedOnToolsVersion = 11.6;
					};
					46A1451B24E5E1710053CD7E = {
						CreatedOnToolsVersion = 11.6;
						TestTargetID = 46A1450524E5E16F0053CD7E;
					};
				};
			};
			buildConfigurationList = 46A1450124E5E16F0053CD7E /* Build configuration list for PBXProject "BatchUploader" */;
			compatibilityVersion = "Xcode 9.3";
			developmentRegion = en;
			hasScannedForEncodings = 0;
			knownRegions = (
				en,
				Base,
			);
			mainGroup = 46A144FD24E5E16F0053CD7E;
			packageReferences = (
				4620684A24E724D50083D8A7 /* XCRemoteSwiftPackageReference "PromiseKit" */,
				46866A6E24E9328F0091E585 /* XCRemoteSwiftPackageReference "GRDB.swift" */,
				460B37AA24F9B25700E39A10 /* XCRemoteSwiftPackageReference "Alamofire" */,
			);
			productRefGroup = 46A1450724E5E16F0053CD7E /* Products */;
			projectDirPath = "";
			projectRoot = "";
			targets = (
				46A1450524E5E16F0053CD7E /* BatchUploader */,
				46A1451B24E5E1710053CD7E /* BatchUploaderTests */,
			);
		};
/* End PBXProject section */

/* Begin PBXResourcesBuildPhase section */
		46A1450424E5E16F0053CD7E /* Resources */ = {
			isa = PBXResourcesBuildPhase;
			buildActionMask = 2147483647;
			files = (
				46A1451624E5E1710053CD7E /* LaunchScreen.storyboard in Resources */,
				46A1451324E5E1710053CD7E /* Preview Assets.xcassets in Resources */,
				46A1451024E5E1710053CD7E /* Assets.xcassets in Resources */,
			);
			runOnlyForDeploymentPostprocessing = 0;
		};
		46A1451A24E5E1710053CD7E /* Resources */ = {
			isa = PBXResourcesBuildPhase;
			buildActionMask = 2147483647;
			files = (
			);
			runOnlyForDeploymentPostprocessing = 0;
		};
/* End PBXResourcesBuildPhase section */

/* Begin PBXSourcesBuildPhase section */
		46A1450224E5E16F0053CD7E /* Sources */ = {
			isa = PBXSourcesBuildPhase;
			buildActionMask = 2147483647;
			files = (
				46F360DF24FC373C00B90BE0 /* TextViewWrapper.swift in Sources */,
				460B37BE24F9B47C00E39A10 /* Places.swift in Sources */,
				460B37A624F9B17900E39A10 /* RequestExecutor.swift in Sources */,
				46A1453824E65CCA0053CD7E /* Storage.swift in Sources */,
				460B37B824F9B3E300E39A10 /* GeneralError.swift in Sources */,
				46F360D924FC240700B90BE0 /* CreateReviewView.swift in Sources */,
				460B37A724F9B17900E39A10 /* ServiceError.swift in Sources */,
				460B37C124FA2C7F00E39A10 /* PlacesService.swift in Sources */,
				462EAC8A24EA719E00E3CCD3 /* ServicesAssemble.swift in Sources */,
				460B37A524F9B17900E39A10 /* ProfileService.swift in Sources */,
				46A1452E24E5E19A0053CD7E /* SelectPicturesModel.swift in Sources */,
				460B37B124F9B2E100E39A10 /* UserSession.swift in Sources */,
				46F360DD24FC253500B90BE0 /* RatingView.swift in Sources */,
				46F360D724FBFD0900B90BE0 /* CreateReviewTypes.swift in Sources */,
				460B37A424F9B17900E39A10 /* Profile.swift in Sources */,
				460B37A824F9B17900E39A10 /* Request.swift in Sources */,
				460B37BB24F9B3E300E39A10 /* ImageProcessor.swift in Sources */,
				46866A6D24E91D8F0091E585 /* ProgressView.swift in Sources */,
				46A1452D24E5E19A0053CD7E /* ImagePickerView.swift in Sources */,
				46866A7324E933C80091E585 /* Provider.swift in Sources */,
				46A1450A24E5E16F0053CD7E /* AppDelegate.swift in Sources */,
				4620684F24E7A6860083D8A7 /* ActivityIndicator.swift in Sources */,
				4620684724E7076B0083D8A7 /* UploadAPI.swift in Sources */,
				4620684924E70D830083D8A7 /* UploadOperation.swift in Sources */,
				462EAC8824EA6DEA00E3CCD3 /* Wrapper.swift in Sources */,
				460B37A324F9B17900E39A10 /* ProfileProvider.swift in Sources */,
				460B37C624FBF18300E39A10 /* SelectPlaceView.swift in Sources */,
				4620685124E7A6AC0083D8A7 /* LoadingView.swift in Sources */,
				460B37A924F9B17900E39A10 /* SessionProvider.swift in Sources */,
				460B378C24F99BC800E39A10 /* Location.swift in Sources */,
				46866A7524E935610091E585 /* DummyJobsDB.swift in Sources */,
				46A1453F24E68DF90053CD7E /* MainViewModel.swift in Sources */,
				46F360E124FC379700B90BE0 /* TextInputView.swift in Sources */,
				460B37BA24F9B3E300E39A10 /* DateFormatter.swift in Sources */,
				460B37B924F9B3E300E39A10 /* DateEx.swift in Sources */,
				462EAC8524EA60D800E3CCD3 /* ArrayEx.swift in Sources */,
				46F360D524FBFA3B00B90BE0 /* SelectPlaceModel.swift in Sources */,
				460B37A224F9B17900E39A10 /* HealthcheckService.swift in Sources */,
				462EAC8C24EA7C8B00E3CCD3 /* UploadProvider.swift in Sources */,
				46F360DB24FC242300B90BE0 /* CreateReviewModel.swift in Sources */,
				46A1453624E658540053CD7E /* UploadManager.swift in Sources */,
				46F360E624FC442E00B90BE0 /* Review.swift in Sources */,
				460B37A124F9B17900E39A10 /* JSONCodable.swift in Sources */,
				4620684324E701740083D8A7 /* JobsDB.swift in Sources */,
				46F360E324FC43AF00B90BE0 /* ReviewService.swift in Sources */,
				46A1450C24E5E16F0053CD7E /* SceneDelegate.swift in Sources */,
				46A1450E24E5E16F0053CD7E /* MainView.swift in Sources */,
				46A1453C24E689140053CD7E /* SelectPicturesView.swift in Sources */,
			);
			runOnlyForDeploymentPostprocessing = 0;
		};
		46A1451824E5E1710053CD7E /* Sources */ = {
			isa = PBXSourcesBuildPhase;
			buildActionMask = 2147483647;
			files = (
				46A1453A24E66BC40053CD7E /* StorageTests.swift in Sources */,
				46A1452124E5E1710053CD7E /* BatchUploaderTests.swift in Sources */,
			);
			runOnlyForDeploymentPostprocessing = 0;
		};
/* End PBXSourcesBuildPhase section */

/* Begin PBXTargetDependency section */
		46A1451E24E5E1710053CD7E /* PBXTargetDependency */ = {
			isa = PBXTargetDependency;
			target = 46A1450524E5E16F0053CD7E /* BatchUploader */;
			targetProxy = 46A1451D24E5E1710053CD7E /* PBXContainerItemProxy */;
		};
/* End PBXTargetDependency section */

/* Begin PBXVariantGroup section */
		46A1451424E5E1710053CD7E /* LaunchScreen.storyboard */ = {
			isa = PBXVariantGroup;
			children = (
				46A1451524E5E1710053CD7E /* Base */,
			);
			name = LaunchScreen.storyboard;
			sourceTree = "<group>";
		};
/* End PBXVariantGroup section */

/* Begin XCBuildConfiguration section */
		46A1452324E5E1710053CD7E /* Debug */ = {
			isa = XCBuildConfiguration;
			buildSettings = {
				ALWAYS_SEARCH_USER_PATHS = NO;
				CLANG_ANALYZER_NONNULL = YES;
				CLANG_ANALYZER_NUMBER_OBJECT_CONVERSION = YES_AGGRESSIVE;
				CLANG_CXX_LANGUAGE_STANDARD = "gnu++14";
				CLANG_CXX_LIBRARY = "libc++";
				CLANG_ENABLE_MODULES = YES;
				CLANG_ENABLE_OBJC_ARC = YES;
				CLANG_ENABLE_OBJC_WEAK = YES;
				CLANG_WARN_BLOCK_CAPTURE_AUTORELEASING = YES;
				CLANG_WARN_BOOL_CONVERSION = YES;
				CLANG_WARN_COMMA = YES;
				CLANG_WARN_CONSTANT_CONVERSION = YES;
				CLANG_WARN_DEPRECATED_OBJC_IMPLEMENTATIONS = YES;
				CLANG_WARN_DIRECT_OBJC_ISA_USAGE = YES_ERROR;
				CLANG_WARN_DOCUMENTATION_COMMENTS = YES;
				CLANG_WARN_EMPTY_BODY = YES;
				CLANG_WARN_ENUM_CONVERSION = YES;
				CLANG_WARN_INFINITE_RECURSION = YES;
				CLANG_WARN_INT_CONVERSION = YES;
				CLANG_WARN_NON_LITERAL_NULL_CONVERSION = YES;
				CLANG_WARN_OBJC_IMPLICIT_RETAIN_SELF = YES;
				CLANG_WARN_OBJC_LITERAL_CONVERSION = YES;
				CLANG_WARN_OBJC_ROOT_CLASS = YES_ERROR;
				CLANG_WARN_RANGE_LOOP_ANALYSIS = YES;
				CLANG_WARN_STRICT_PROTOTYPES = YES;
				CLANG_WARN_SUSPICIOUS_MOVE = YES;
				CLANG_WARN_UNGUARDED_AVAILABILITY = YES_AGGRESSIVE;
				CLANG_WARN_UNREACHABLE_CODE = YES;
				CLANG_WARN__DUPLICATE_METHOD_MATCH = YES;
				COPY_PHASE_STRIP = NO;
				DEBUG_INFORMATION_FORMAT = dwarf;
				ENABLE_STRICT_OBJC_MSGSEND = YES;
				ENABLE_TESTABILITY = YES;
				GCC_C_LANGUAGE_STANDARD = gnu11;
				GCC_DYNAMIC_NO_PIC = NO;
				GCC_NO_COMMON_BLOCKS = YES;
				GCC_OPTIMIZATION_LEVEL = 0;
				GCC_PREPROCESSOR_DEFINITIONS = (
					"DEBUG=1",
					"$(inherited)",
				);
				GCC_WARN_64_TO_32_BIT_CONVERSION = YES;
				GCC_WARN_ABOUT_RETURN_TYPE = YES_ERROR;
				GCC_WARN_UNDECLARED_SELECTOR = YES;
				GCC_WARN_UNINITIALIZED_AUTOS = YES_AGGRESSIVE;
				GCC_WARN_UNUSED_FUNCTION = YES;
				GCC_WARN_UNUSED_VARIABLE = YES;
				IPHONEOS_DEPLOYMENT_TARGET = 13.6;
				MTL_ENABLE_DEBUG_INFO = INCLUDE_SOURCE;
				MTL_FAST_MATH = YES;
				ONLY_ACTIVE_ARCH = YES;
				SDKROOT = iphoneos;
				SWIFT_ACTIVE_COMPILATION_CONDITIONS = DEBUG;
				SWIFT_OPTIMIZATION_LEVEL = "-Onone";
			};
			name = Debug;
		};
		46A1452424E5E1710053CD7E /* Release */ = {
			isa = XCBuildConfiguration;
			buildSettings = {
				ALWAYS_SEARCH_USER_PATHS = NO;
				CLANG_ANALYZER_NONNULL = YES;
				CLANG_ANALYZER_NUMBER_OBJECT_CONVERSION = YES_AGGRESSIVE;
				CLANG_CXX_LANGUAGE_STANDARD = "gnu++14";
				CLANG_CXX_LIBRARY = "libc++";
				CLANG_ENABLE_MODULES = YES;
				CLANG_ENABLE_OBJC_ARC = YES;
				CLANG_ENABLE_OBJC_WEAK = YES;
				CLANG_WARN_BLOCK_CAPTURE_AUTORELEASING = YES;
				CLANG_WARN_BOOL_CONVERSION = YES;
				CLANG_WARN_COMMA = YES;
				CLANG_WARN_CONSTANT_CONVERSION = YES;
				CLANG_WARN_DEPRECATED_OBJC_IMPLEMENTATIONS = YES;
				CLANG_WARN_DIRECT_OBJC_ISA_USAGE = YES_ERROR;
				CLANG_WARN_DOCUMENTATION_COMMENTS = YES;
				CLANG_WARN_EMPTY_BODY = YES;
				CLANG_WARN_ENUM_CONVERSION = YES;
				CLANG_WARN_INFINITE_RECURSION = YES;
				CLANG_WARN_INT_CONVERSION = YES;
				CLANG_WARN_NON_LITERAL_NULL_CONVERSION = YES;
				CLANG_WARN_OBJC_IMPLICIT_RETAIN_SELF = YES;
				CLANG_WARN_OBJC_LITERAL_CONVERSION = YES;
				CLANG_WARN_OBJC_ROOT_CLASS = YES_ERROR;
				CLANG_WARN_RANGE_LOOP_ANALYSIS = YES;
				CLANG_WARN_STRICT_PROTOTYPES = YES;
				CLANG_WARN_SUSPICIOUS_MOVE = YES;
				CLANG_WARN_UNGUARDED_AVAILABILITY = YES_AGGRESSIVE;
				CLANG_WARN_UNREACHABLE_CODE = YES;
				CLANG_WARN__DUPLICATE_METHOD_MATCH = YES;
				COPY_PHASE_STRIP = NO;
				DEBUG_INFORMATION_FORMAT = "dwarf-with-dsym";
				ENABLE_NS_ASSERTIONS = NO;
				ENABLE_STRICT_OBJC_MSGSEND = YES;
				GCC_C_LANGUAGE_STANDARD = gnu11;
				GCC_NO_COMMON_BLOCKS = YES;
				GCC_WARN_64_TO_32_BIT_CONVERSION = YES;
				GCC_WARN_ABOUT_RETURN_TYPE = YES_ERROR;
				GCC_WARN_UNDECLARED_SELECTOR = YES;
				GCC_WARN_UNINITIALIZED_AUTOS = YES_AGGRESSIVE;
				GCC_WARN_UNUSED_FUNCTION = YES;
				GCC_WARN_UNUSED_VARIABLE = YES;
				IPHONEOS_DEPLOYMENT_TARGET = 13.6;
				MTL_ENABLE_DEBUG_INFO = NO;
				MTL_FAST_MATH = YES;
				SDKROOT = iphoneos;
				SWIFT_COMPILATION_MODE = wholemodule;
				SWIFT_OPTIMIZATION_LEVEL = "-O";
				VALIDATE_PRODUCT = YES;
			};
			name = Release;
		};
		46A1452624E5E1710053CD7E /* Debug */ = {
			isa = XCBuildConfiguration;
			buildSettings = {
				ASSETCATALOG_COMPILER_APPICON_NAME = AppIcon;
				CODE_SIGN_STYLE = Automatic;
				DEVELOPMENT_ASSET_PATHS = "\"BatchUploader/Preview Content\"";
				DEVELOPMENT_TEAM = FREWU4233C;
				ENABLE_PREVIEWS = YES;
				INFOPLIST_FILE = BatchUploader/Info.plist;
				IPHONEOS_DEPLOYMENT_TARGET = 13.5;
				LD_RUNPATH_SEARCH_PATHS = (
					"$(inherited)",
					"@executable_path/Frameworks",
				);
				PRODUCT_BUNDLE_IDENTIFIER = com.github.BatchUploader;
				PRODUCT_NAME = "$(TARGET_NAME)";
				SWIFT_VERSION = 5.0;
				TARGETED_DEVICE_FAMILY = "1,2";
			};
			name = Debug;
		};
		46A1452724E5E1710053CD7E /* Release */ = {
			isa = XCBuildConfiguration;
			buildSettings = {
				ASSETCATALOG_COMPILER_APPICON_NAME = AppIcon;
				CODE_SIGN_STYLE = Automatic;
				DEVELOPMENT_ASSET_PATHS = "\"BatchUploader/Preview Content\"";
				DEVELOPMENT_TEAM = FREWU4233C;
				ENABLE_PREVIEWS = YES;
				INFOPLIST_FILE = BatchUploader/Info.plist;
				IPHONEOS_DEPLOYMENT_TARGET = 13.5;
				LD_RUNPATH_SEARCH_PATHS = (
					"$(inherited)",
					"@executable_path/Frameworks",
				);
				PRODUCT_BUNDLE_IDENTIFIER = com.github.BatchUploader;
				PRODUCT_NAME = "$(TARGET_NAME)";
				SWIFT_VERSION = 5.0;
				TARGETED_DEVICE_FAMILY = "1,2";
			};
			name = Release;
		};
		46A1452924E5E1710053CD7E /* Debug */ = {
			isa = XCBuildConfiguration;
			buildSettings = {
				ALWAYS_EMBED_SWIFT_STANDARD_LIBRARIES = YES;
				BUNDLE_LOADER = "$(TEST_HOST)";
				CODE_SIGN_STYLE = Automatic;
				DEVELOPMENT_TEAM = H9XGMK3R95;
				INFOPLIST_FILE = BatchUploaderTests/Info.plist;
				IPHONEOS_DEPLOYMENT_TARGET = 13.6;
				LD_RUNPATH_SEARCH_PATHS = (
					"$(inherited)",
					"@executable_path/Frameworks",
					"@loader_path/Frameworks",
				);
				PRODUCT_BUNDLE_IDENTIFIER = com.github.gavrilaf.BatchUploaderTests;
				PRODUCT_NAME = "$(TARGET_NAME)";
				SWIFT_VERSION = 5.0;
				TARGETED_DEVICE_FAMILY = "1,2";
				TEST_HOST = "$(BUILT_PRODUCTS_DIR)/BatchUploader.app/BatchUploader";
			};
			name = Debug;
		};
		46A1452A24E5E1710053CD7E /* Release */ = {
			isa = XCBuildConfiguration;
			buildSettings = {
				ALWAYS_EMBED_SWIFT_STANDARD_LIBRARIES = YES;
				BUNDLE_LOADER = "$(TEST_HOST)";
				CODE_SIGN_STYLE = Automatic;
				DEVELOPMENT_TEAM = H9XGMK3R95;
				INFOPLIST_FILE = BatchUploaderTests/Info.plist;
				IPHONEOS_DEPLOYMENT_TARGET = 13.6;
				LD_RUNPATH_SEARCH_PATHS = (
					"$(inherited)",
					"@executable_path/Frameworks",
					"@loader_path/Frameworks",
				);
				PRODUCT_BUNDLE_IDENTIFIER = com.github.gavrilaf.BatchUploaderTests;
				PRODUCT_NAME = "$(TARGET_NAME)";
				SWIFT_VERSION = 5.0;
				TARGETED_DEVICE_FAMILY = "1,2";
				TEST_HOST = "$(BUILT_PRODUCTS_DIR)/BatchUploader.app/BatchUploader";
			};
			name = Release;
		};
/* End XCBuildConfiguration section */

/* Begin XCConfigurationList section */
		46A1450124E5E16F0053CD7E /* Build configuration list for PBXProject "BatchUploader" */ = {
			isa = XCConfigurationList;
			buildConfigurations = (
				46A1452324E5E1710053CD7E /* Debug */,
				46A1452424E5E1710053CD7E /* Release */,
			);
			defaultConfigurationIsVisible = 0;
			defaultConfigurationName = Release;
		};
		46A1452524E5E1710053CD7E /* Build configuration list for PBXNativeTarget "BatchUploader" */ = {
			isa = XCConfigurationList;
			buildConfigurations = (
				46A1452624E5E1710053CD7E /* Debug */,
				46A1452724E5E1710053CD7E /* Release */,
			);
			defaultConfigurationIsVisible = 0;
			defaultConfigurationName = Release;
		};
		46A1452824E5E1710053CD7E /* Build configuration list for PBXNativeTarget "BatchUploaderTests" */ = {
			isa = XCConfigurationList;
			buildConfigurations = (
				46A1452924E5E1710053CD7E /* Debug */,
				46A1452A24E5E1710053CD7E /* Release */,
			);
			defaultConfigurationIsVisible = 0;
			defaultConfigurationName = Release;
		};
/* End XCConfigurationList section */

/* Begin XCRemoteSwiftPackageReference section */
		460B37AA24F9B25700E39A10 /* XCRemoteSwiftPackageReference "Alamofire" */ = {
			isa = XCRemoteSwiftPackageReference;
			repositoryURL = "https://github.com/Alamofire/Alamofire.git";
			requirement = {
				kind = upToNextMajorVersion;
				minimumVersion = 5.2.2;
			};
		};
		4620684A24E724D50083D8A7 /* XCRemoteSwiftPackageReference "PromiseKit" */ = {
			isa = XCRemoteSwiftPackageReference;
			repositoryURL = "https://github.com/mxcl/PromiseKit.git";
			requirement = {
				kind = exactVersion;
				version = "7.0.0-alpha3";
			};
		};
		46866A6E24E9328F0091E585 /* XCRemoteSwiftPackageReference "GRDB.swift" */ = {
			isa = XCRemoteSwiftPackageReference;
			repositoryURL = "https://github.com/groue/GRDB.swift.git";
			requirement = {
				kind = upToNextMajorVersion;
				minimumVersion = 4.14.0;
			};
		};
/* End XCRemoteSwiftPackageReference section */

/* Begin XCSwiftPackageProductDependency section */
		460B37AB24F9B25800E39A10 /* Alamofire */ = {
			isa = XCSwiftPackageProductDependency;
			package = 460B37AA24F9B25700E39A10 /* XCRemoteSwiftPackageReference "Alamofire" */;
			productName = Alamofire;
		};
		4620684B24E724D50083D8A7 /* PromiseKit */ = {
			isa = XCSwiftPackageProductDependency;
			package = 4620684A24E724D50083D8A7 /* XCRemoteSwiftPackageReference "PromiseKit" */;
			productName = PromiseKit;
		};
		46866A6F24E9328F0091E585 /* GRDB */ = {
			isa = XCSwiftPackageProductDependency;
			package = 46866A6E24E9328F0091E585 /* XCRemoteSwiftPackageReference "GRDB.swift" */;
			productName = GRDB;
		};
/* End XCSwiftPackageProductDependency section */
	};
	rootObject = 46A144FE24E5E16F0053CD7E /* Project object */;
}
